{
  "nodes": {
    "amaranth-src": {
      "flake": false,
      "locked": {
        "lastModified": 1500652313,
        "narHash": "sha256-2endXDoqh58gXMz6bcOTUpvKJPYbWdnv6qGNkeQT2QI=",
        "owner": "googlefonts",
        "repo": "amaranth",
        "rev": "f4f60a57f54a04186030913a86e3e56105bbe848",
        "type": "github"
      },
      "original": {
        "owner": "googlefonts",
        "repo": "amaranth",
        "type": "github"
      }
    },
    "dakara_check-src": {
      "flake": false,
      "locked": {
        "lastModified": 1712192725,
        "narHash": "sha256-VZhDHq64XlIkS9mGvPLEA5i3gm1xPlTYB/uPveOH5Cw=",
        "owner": "Japan7",
        "repo": "dakara_check",
        "rev": "2c6610fce4accf5c9e7a2fde756f3f67d74ed7ec",
        "type": "github"
      },
      "original": {
        "owner": "Japan7",
        "repo": "dakara_check",
        "type": "github"
      }
    },
    "darwin": {
      "inputs": {
        "nixpkgs": [
          "nixpkgs"
        ]
      },
      "locked": {
        "lastModified": 1711763326,
        "narHash": "sha256-sXcesZWKXFlEQ8oyGHnfk4xc9f2Ip0X/+YZOq3sKviI=",
        "owner": "LnL7",
        "repo": "nix-darwin",
        "rev": "36524adc31566655f2f4d55ad6b875fb5c1a4083",
        "type": "github"
      },
      "original": {
        "owner": "LnL7",
        "repo": "nix-darwin",
        "type": "github"
      }
    },
    "fenix": {
      "inputs": {
        "nixpkgs": [
          "nixpkgs"
        ],
        "rust-analyzer-src": "rust-analyzer-src"
      },
      "locked": {
        "lastModified": 1712298178,
        "narHash": "sha256-590fpCPXYAkaAeBz/V91GX4/KGzPObdYtqsTWzT6AhI=",
        "owner": "nix-community",
        "repo": "fenix",
        "rev": "569b5b5781395da08e7064e825953c548c26af76",
        "type": "github"
      },
      "original": {
        "owner": "nix-community",
        "repo": "fenix",
        "type": "github"
      }
    },
    "ffmpegaacsucks-src": {
      "flake": false,
      "locked": {
        "lastModified": 1711973206,
        "narHash": "sha256-ERnCxr562drGfdWomT7zp9NyereBOivtGucYcDM16+k=",
        "ref": "refs/heads/master",
        "rev": "e46c1ef505ff6cc921295f3a403ddf48a46343e1",
        "revCount": 62,
        "type": "git",
        "url": "https://git.odrling.xyz/ffmpegaacsucks"
      },
      "original": {
        "type": "git",
        "url": "https://git.odrling.xyz/ffmpegaacsucks"
      }
    },
    "flake-parts": {
      "inputs": {
        "nixpkgs-lib": "nixpkgs-lib"
      },
      "locked": {
        "lastModified": 1712014858,
        "narHash": "sha256-sB4SWl2lX95bExY2gMFG5HIzvva5AVMJd4Igm+GpZNw=",
        "owner": "hercules-ci",
        "repo": "flake-parts",
        "rev": "9126214d0a59633752a136528f5f3b9aa8565b7d",
        "type": "github"
      },
      "original": {
        "owner": "hercules-ci",
        "repo": "flake-parts",
        "type": "github"
      }
    },
    "flake-parts_2": {
      "inputs": {
        "nixpkgs-lib": "nixpkgs-lib_2"
      },
      "locked": {
        "lastModified": 1712014858,
        "narHash": "sha256-sB4SWl2lX95bExY2gMFG5HIzvva5AVMJd4Igm+GpZNw=",
        "owner": "hercules-ci",
        "repo": "flake-parts",
        "rev": "9126214d0a59633752a136528f5f3b9aa8565b7d",
        "type": "github"
      },
      "original": {
        "owner": "hercules-ci",
        "repo": "flake-parts",
        "type": "github"
      }
    },
    "flake-utils": {
      "inputs": {
        "systems": "systems"
      },
      "locked": {
        "lastModified": 1701680307,
        "narHash": "sha256-kAuep2h5ajznlPMD9rnQyffWG8EM/C73lejGofXvdM8=",
        "owner": "numtide",
        "repo": "flake-utils",
        "rev": "4022d587cbbfd70fe950c1e2083a02621806a725",
        "type": "github"
      },
      "original": {
        "owner": "numtide",
        "repo": "flake-utils",
        "type": "github"
      }
    },
    "home-manager": {
      "inputs": {
        "nixpkgs": [
          "nixpkgs"
        ]
      },
      "locked": {
        "lastModified": 1712317700,
        "narHash": "sha256-rnkQ6qMhlxfjpCECkTMlFXHU/88QvC5KpdJWq5H6F1E=",
        "owner": "nix-community",
        "repo": "home-manager",
        "rev": "782eed8bb64b27acaeb7c17be4a095c85e65717f",
        "type": "github"
      },
      "original": {
        "owner": "nix-community",
        "repo": "home-manager",
        "type": "github"
      }
    },
    "japan7": {
      "inputs": {
        "dakara_check-src": "dakara_check-src",
        "ffmpegaacsucks-src": "ffmpegaacsucks-src",
        "flake-parts": "flake-parts_2",
        "nixpkgs": [
          "nixpkgs"
        ],
        "syncplay-src": "syncplay-src"
      },
      "locked": {
        "lastModified": 1712289361,
        "narHash": "sha256-eYAVVWOvYTVAWor+yBQd/tjaGh4IW3A6L5jvIqUqbJk=",
        "owner": "Japan7",
        "repo": "nixpkgs-japan7",
        "rev": "05e8f62aefa59ab19dc8282247cf462a6b5d4247",
        "type": "github"
      },
      "original": {
        "owner": "Japan7",
        "repo": "nixpkgs-japan7",
        "type": "github"
      }
    },
    "krewfile": {
      "inputs": {
        "flake-utils": "flake-utils",
        "nixpkgs": [
          "nixpkgs"
        ]
      },
      "locked": {
        "lastModified": 1705078502,
        "narHash": "sha256-qH6DtavbLqIpYIf3Zr2eWOcBpJfLFXbaOKQNkefv6tg=",
        "owner": "brumhard",
        "repo": "krewfile",
        "rev": "02d04f38ea0d1b8de4da3b29bc861f8883c9b9e9",
        "type": "github"
      },
      "original": {
        "owner": "brumhard",
        "repo": "krewfile",
        "type": "github"
      }
    },
    "nixpkgs": {
      "locked": {
        "lastModified": 1712192574,
        "narHash": "sha256-LbbVOliJKTF4Zl2b9salumvdMXuQBr2kuKP5+ZwbYq4=",
        "owner": "NixOS",
        "repo": "nixpkgs",
        "rev": "f480f9d09e4b4cf87ee6151eba068197125714de",
        "type": "github"
      },
      "original": {
        "owner": "NixOS",
        "ref": "nixpkgs-unstable",
        "repo": "nixpkgs",
        "type": "github"
      }
    },
    "nixpkgs-lib": {
      "locked": {
        "dir": "lib",
        "lastModified": 1711703276,
        "narHash": "sha256-iMUFArF0WCatKK6RzfUJknjem0H9m4KgorO/p3Dopkk=",
        "owner": "NixOS",
        "repo": "nixpkgs",
        "rev": "d8fe5e6c92d0d190646fb9f1056741a229980089",
        "type": "github"
      },
      "original": {
        "dir": "lib",
        "owner": "NixOS",
        "ref": "nixos-unstable",
        "repo": "nixpkgs",
        "type": "github"
      }
    },
    "nixpkgs-lib_2": {
      "locked": {
        "dir": "lib",
        "lastModified": 1711703276,
        "narHash": "sha256-iMUFArF0WCatKK6RzfUJknjem0H9m4KgorO/p3Dopkk=",
        "owner": "NixOS",
        "repo": "nixpkgs",
        "rev": "d8fe5e6c92d0d190646fb9f1056741a229980089",
        "type": "github"
      },
      "original": {
        "dir": "lib",
        "owner": "NixOS",
        "ref": "nixos-unstable",
        "repo": "nixpkgs",
        "type": "github"
      }
    },
    "nixpkgs-stable": {
      "locked": {
        "lastModified": 1711819797,
        "narHash": "sha256-tNeB6emxj74Y6ctwmsjtMlzUMn458sBmwnD35U5KIM4=",
        "owner": "NixOS",
        "repo": "nixpkgs",
        "rev": "2b4e3ca0091049c6fbb4908c66b05b77eaef9f0c",
        "type": "github"
      },
      "original": {
        "owner": "NixOS",
        "ref": "release-23.11",
        "repo": "nixpkgs",
        "type": "github"
      }
    },
    "root": {
      "inputs": {
        "amaranth-src": "amaranth-src",
        "darwin": "darwin",
        "fenix": "fenix",
        "flake-parts": "flake-parts",
        "home-manager": "home-manager",
        "japan7": "japan7",
        "krewfile": "krewfile",
        "nixpkgs": "nixpkgs",
        "sops-nix": "sops-nix"
      }
    },
    "rust-analyzer-src": {
      "flake": false,
      "locked": {
        "lastModified": 1712156296,
        "narHash": "sha256-St7ZQrkrr5lmQX9wC1ZJAFxL8W7alswnyZk9d1se3Us=",
        "owner": "rust-lang",
        "repo": "rust-analyzer",
        "rev": "8e581ac348e223488622f4d3003cb2bd412bf27e",
        "type": "github"
      },
      "original": {
        "owner": "rust-lang",
        "ref": "nightly",
        "repo": "rust-analyzer",
        "type": "github"
      }
    },
    "sops-nix": {
      "inputs": {
        "nixpkgs": [
          "nixpkgs"
        ],
        "nixpkgs-stable": "nixpkgs-stable"
      },
      "locked": {
        "lastModified": 1711855048,
        "narHash": "sha256-HxegAPnQJSC4cbEbF4Iq3YTlFHZKLiNTk8147EbLdGg=",
        "owner": "Mic92",
        "repo": "sops-nix",
        "rev": "99b1e37f9fc0960d064a7862eb7adfb92e64fa10",
        "type": "github"
      },
      "original": {
        "owner": "Mic92",
        "repo": "sops-nix",
        "type": "github"
      }
    },
    "syncplay-src": {
      "flake": false,
      "locked": {
        "lastModified": 1709314949,
        "narHash": "sha256-emGFzfJ1xmHiLvQ3gwp/Wt2QNqzaTslz5MCmxuk2hrE=",
        "owner": "odrling",
        "repo": "syncplay",
        "rev": "41d0d952d1ed2b51994d3b9a64665540fdffb91d",
        "type": "github"
      },
      "original": {
        "owner": "odrling",
        "repo": "syncplay",
        "type": "github"
      }
    },
    "systems": {
      "locked": {
        "lastModified": 1681028828,
        "narHash": "sha256-Vy1rq5AaRuLzOxct8nz4T6wlgyUR7zLU309k9mBC768=",
        "owner": "nix-systems",
        "repo": "default",
        "rev": "da67096a3b9bf56a91d16901293e51ba5b49a27e",
        "type": "github"
      },
      "original": {
        "owner": "nix-systems",
        "repo": "default",
        "type": "github"
      }
    }
  },
  "root": "root",
  "version": 7
}
